
Microsoft Visual Studio Solution File, Format Version 12.00
# Visual Studio Version 16
VisualStudioVersion = 16.0.30320.27
MinimumVisualStudioVersion = 10.0.40219.1
Project("{FAE04EC0-301F-11D3-BF4B-00C04F79EFBC}") = "ZendidServer", "ZendidServer\ZendidServer.csproj", "{6171D562-8870-4C39-8E5E-57C029480530}"
EndProject
Project("{FAE04EC0-301F-11D3-BF4B-00C04F79EFBC}") = "ZendidServer.Data", "ZendidServer.Data\ZendidServer.Data.csproj", "{4BD174CF-B450-4853-8BC6-5FA294A22CF8}"
EndProject
Global
	GlobalSection(SolutionConfigurationPlatforms) = preSolution
		Debug|Any CPU = Debug|Any CPU
		Release|Any CPU = Release|Any CPU
	EndGlobalSection
	GlobalSection(ProjectConfigurationPlatforms) = postSolution
		{6171D562-8870-4C39-8E5E-57C029480530}.Debug|Any CPU.ActiveCfg = Debug|Any CPU
		{6171D562-8870-4C39-8E5E-57C029480530}.Debug|Any CPU.Build.0 = Debug|Any CPU
		{6171D562-8870-4C39-8E5E-57C029480530}.Release|Any CPU.ActiveCfg = Release|Any CPU
		{6171D562-8870-4C39-8E5E-57C029480530}.Release|Any CPU.Build.0 = Release|Any CPU
		{4BD174CF-B450-4853-8BC6-5FA294A22CF8}.Debug|Any CPU.ActiveCfg = Debug|Any CPU
		{4BD174CF-B450-4853-8BC6-5FA294A22CF8}.Debug|Any CPU.Build.0 = Debug|Any CPU
		{4BD174CF-B450-4853-8BC6-5FA294A22CF8}.Release|Any CPU.ActiveCfg = Release|Any CPU
		{4BD174CF-B450-4853-8BC6-5FA294A22CF8}.Release|Any CPU.Build.0 = Release|Any CPU
	EndGlobalSection
	GlobalSection(SolutionProperties) = preSolution
		HideSolutionNode = FALSE
	EndGlobalSection
	GlobalSection(ExtensibilityGlobals) = postSolution
		SolutionGuid = {E5B90D32-40BA-4551-8A5A-EE290B89898F}
	EndGlobalSection
EndGlobal
